
Microsoft Visual Studio Solution File, Format Version 12.00
# Visual Studio Version 16
VisualStudioVersion = 16.0.32802.440
MinimumVisualStudioVersion = 10.0.40219.1
Project("{FAE04EC0-301F-11D3-BF4B-00C04F79EFBC}") = "MyCalc", "MyCalc\MyCalc.csproj", "{0E3A3FD3-D2D0-42F3-8B3B-DE4ECDF2165D}"
EndProject
Project("{FAE04EC0-301F-11D3-BF4B-00C04F79EFBC}") = "HelloApp", "HelloApp\HelloApp.csproj", "{62E0C76F-54A3-4D47-B04F-A7FF0875B200}"
EndProject
Global
	GlobalSection(SolutionConfigurationPlatforms) = preSolution
		Debug|Any CPU = Debug|Any CPU
		Release|Any CPU = Release|Any CPU
	EndGlobalSection
	GlobalSection(ProjectConfigurationPlatforms) = postSolution
		{0E3A3FD3-D2D0-42F3-8B3B-DE4ECDF2165D}.Debug|Any CPU.ActiveCfg = Debug|Any CPU
		{0E3A3FD3-D2D0-42F3-8B3B-DE4ECDF2165D}.Debug|Any CPU.Build.0 = Debug|Any CPU
		{0E3A3FD3-D2D0-42F3-8B3B-DE4ECDF2165D}.Release|Any CPU.ActiveCfg = Release|Any CPU
		{0E3A3FD3-D2D0-42F3-8B3B-DE4ECDF2165D}.Release|Any CPU.Build.0 = Release|Any CPU
		{62E0C76F-54A3-4D47-B04F-A7FF0875B200}.Debug|Any CPU.ActiveCfg = Debug|Any CPU
		{62E0C76F-54A3-4D47-B04F-A7FF0875B200}.Debug|Any CPU.Build.0 = Debug|Any CPU
		{62E0C76F-54A3-4D47-B04F-A7FF0875B200}.Release|Any CPU.ActiveCfg = Release|Any CPU
		{62E0C76F-54A3-4D47-B04F-A7FF0875B200}.Release|Any CPU.Build.0 = Release|Any CPU
	EndGlobalSection
	GlobalSection(SolutionProperties) = preSolution
		HideSolutionNode = FALSE
	EndGlobalSection
	GlobalSection(ExtensibilityGlobals) = postSolution
		SolutionGuid = {95EBB8B2-C451-4CF6-A70E-D1F3C5298BAF}
	EndGlobalSection
EndGlobal
